
Microsoft Visual Studio Solution File, Format Version 12.00
# Visual Studio Version 17
VisualStudioVersion = 17.0.31903.59
MinimumVisualStudioVersion = 10.0.40219.1
Project("{2150E333-8FDC-42A3-9474-1A3956D46DE8}") = "src", "src", "{DB2E6517-58D2-466C-9FD9-98FC99F483A8}"
EndProject
Project("{2150E333-8FDC-42A3-9474-1A3956D46DE8}") = "StockService", "StockService", "{1A31BE79-07AB-4051-BDE7-A0B83438A9FF}"
EndProject
Project("{FAE04EC0-301F-11D3-BF4B-00C04F79EFBC}") = "StockService", "src\StockService\StockService\StockService.csproj", "{D86314A0-C163-487A-B8DB-81C391BBFF0B}"
EndProject
Project("{2150E333-8FDC-42A3-9474-1A3956D46DE8}") = "SalesService", "SalesService", "{77578AB8-74B5-45DD-9C0B-4C80A064021A}"
EndProject
Project("{FAE04EC0-301F-11D3-BF4B-00C04F79EFBC}") = "SalesService", "src\SalesService\SalesService\SalesService.csproj", "{34EE3B0A-9F74-4059-99F7-CAA0272CCB99}"
EndProject
Project("{2150E333-8FDC-42A3-9474-1A3956D46DE8}") = "ApiGateway", "ApiGateway", "{0DE49361-DE99-4286-B7CF-4084F7E08D1A}"
EndProject
Project("{FAE04EC0-301F-11D3-BF4B-00C04F79EFBC}") = "ApiGateway", "src\ApiGateway\ApiGateway\ApiGateway.csproj", "{33FFEE66-9AB5-4FEE-AB2C-A6DD8C65FCBA}"
EndProject
Project("{2150E333-8FDC-42A3-9474-1A3956D46DE8}") = "AuthService", "AuthService", "{B340EB5A-C825-41A8-AB2B-D348081878D5}"
EndProject
Project("{FAE04EC0-301F-11D3-BF4B-00C04F79EFBC}") = "AuthService", "src\AuthService\AuthService\AuthService.csproj", "{9315F40B-1270-42CF-BC90-988568FD52FB}"
EndProject
Project("{FAE04EC0-301F-11D3-BF4B-00C04F79EFBC}") = "MicroservicesEcommerce.Tests", "src\MicroservicesEcommerce.Tests\MicroservicesEcommerce.Tests.csproj", "{7106F9D3-8EC8-4F37-B7B5-EFA971596F47}"
EndProject
Global
	GlobalSection(SolutionConfigurationPlatforms) = preSolution
		Debug|Any CPU = Debug|Any CPU
		Release|Any CPU = Release|Any CPU
	EndGlobalSection
	GlobalSection(SolutionProperties) = preSolution
		HideSolutionNode = FALSE
	EndGlobalSection
	GlobalSection(ProjectConfigurationPlatforms) = postSolution
		{D86314A0-C163-487A-B8DB-81C391BBFF0B}.Debug|Any CPU.ActiveCfg = Debug|Any CPU
		{D86314A0-C163-487A-B8DB-81C391BBFF0B}.Debug|Any CPU.Build.0 = Debug|Any CPU
		{D86314A0-C163-487A-B8DB-81C391BBFF0B}.Release|Any CPU.ActiveCfg = Release|Any CPU
		{D86314A0-C163-487A-B8DB-81C391BBFF0B}.Release|Any CPU.Build.0 = Release|Any CPU
		{34EE3B0A-9F74-4059-99F7-CAA0272CCB99}.Debug|Any CPU.ActiveCfg = Debug|Any CPU
		{34EE3B0A-9F74-4059-99F7-CAA0272CCB99}.Debug|Any CPU.Build.0 = Debug|Any CPU
		{34EE3B0A-9F74-4059-99F7-CAA0272CCB99}.Release|Any CPU.ActiveCfg = Release|Any CPU
		{34EE3B0A-9F74-4059-99F7-CAA0272CCB99}.Release|Any CPU.Build.0 = Release|Any CPU
		{33FFEE66-9AB5-4FEE-AB2C-A6DD8C65FCBA}.Debug|Any CPU.ActiveCfg = Debug|Any CPU
		{33FFEE66-9AB5-4FEE-AB2C-A6DD8C65FCBA}.Debug|Any CPU.Build.0 = Debug|Any CPU
		{33FFEE66-9AB5-4FEE-AB2C-A6DD8C65FCBA}.Release|Any CPU.ActiveCfg = Release|Any CPU
		{33FFEE66-9AB5-4FEE-AB2C-A6DD8C65FCBA}.Release|Any CPU.Build.0 = Release|Any CPU
		{9315F40B-1270-42CF-BC90-988568FD52FB}.Debug|Any CPU.ActiveCfg = Debug|Any CPU
		{9315F40B-1270-42CF-BC90-988568FD52FB}.Debug|Any CPU.Build.0 = Debug|Any CPU
		{9315F40B-1270-42CF-BC90-988568FD52FB}.Release|Any CPU.ActiveCfg = Release|Any CPU
		{9315F40B-1270-42CF-BC90-988568FD52FB}.Release|Any CPU.Build.0 = Release|Any CPU
		{7106F9D3-8EC8-4F37-B7B5-EFA971596F47}.Debug|Any CPU.ActiveCfg = Debug|Any CPU
		{7106F9D3-8EC8-4F37-B7B5-EFA971596F47}.Debug|Any CPU.Build.0 = Debug|Any CPU
		{7106F9D3-8EC8-4F37-B7B5-EFA971596F47}.Release|Any CPU.ActiveCfg = Release|Any CPU
		{7106F9D3-8EC8-4F37-B7B5-EFA971596F47}.Release|Any CPU.Build.0 = Release|Any CPU
	EndGlobalSection
	GlobalSection(NestedProjects) = preSolution
		{1A31BE79-07AB-4051-BDE7-A0B83438A9FF} = {DB2E6517-58D2-466C-9FD9-98FC99F483A8}
		{D86314A0-C163-487A-B8DB-81C391BBFF0B} = {1A31BE79-07AB-4051-BDE7-A0B83438A9FF}
		{77578AB8-74B5-45DD-9C0B-4C80A064021A} = {DB2E6517-58D2-466C-9FD9-98FC99F483A8}
		{34EE3B0A-9F74-4059-99F7-CAA0272CCB99} = {77578AB8-74B5-45DD-9C0B-4C80A064021A}
		{0DE49361-DE99-4286-B7CF-4084F7E08D1A} = {DB2E6517-58D2-466C-9FD9-98FC99F483A8}
		{33FFEE66-9AB5-4FEE-AB2C-A6DD8C65FCBA} = {0DE49361-DE99-4286-B7CF-4084F7E08D1A}
		{B340EB5A-C825-41A8-AB2B-D348081878D5} = {DB2E6517-58D2-466C-9FD9-98FC99F483A8}
		{9315F40B-1270-42CF-BC90-988568FD52FB} = {B340EB5A-C825-41A8-AB2B-D348081878D5}
		{7106F9D3-8EC8-4F37-B7B5-EFA971596F47} = {DB2E6517-58D2-466C-9FD9-98FC99F483A8}
	EndGlobalSection
EndGlobal
